
Microsoft Visual Studio Solution File, Format Version 12.00
# Visual Studio Version 16
VisualStudioVersion = 16.0.30711.63
MinimumVisualStudioVersion = 10.0.40219.1
Project("{FAE04EC0-301F-11D3-BF4B-00C04F79EFBC}") = "ProviderCS", "SHGas.SpplierPro\ProviderCS.csproj", "{F8AE7990-055E-49D4-8F88-37C82692F18A}"
EndProject
Project("{FAE04EC0-301F-11D3-BF4B-00C04F79EFBC}") = "ProviderWebSevice", "ProviderWebSevice\ProviderWebSevice.csproj", "{C2F76635-EE90-409B-A5B2-34C62F53B012}"
EndProject
Global
	GlobalSection(SolutionConfigurationPlatforms) = preSolution
		Debug|Any CPU = Debug|Any CPU
		Release|Any CPU = Release|Any CPU
	EndGlobalSection
	GlobalSection(ProjectConfigurationPlatforms) = postSolution
		{F8AE7990-055E-49D4-8F88-37C82692F18A}.Debug|Any CPU.ActiveCfg = Debug|Any CPU
		{F8AE7990-055E-49D4-8F88-37C82692F18A}.Debug|Any CPU.Build.0 = Debug|Any CPU
		{F8AE7990-055E-49D4-8F88-37C82692F18A}.Release|Any CPU.ActiveCfg = Release|Any CPU
		{F8AE7990-055E-49D4-8F88-37C82692F18A}.Release|Any CPU.Build.0 = Release|Any CPU
		{C2F76635-EE90-409B-A5B2-34C62F53B012}.Debug|Any CPU.ActiveCfg = Debug|Any CPU
		{C2F76635-EE90-409B-A5B2-34C62F53B012}.Debug|Any CPU.Build.0 = Debug|Any CPU
		{C2F76635-EE90-409B-A5B2-34C62F53B012}.Release|Any CPU.ActiveCfg = Release|Any CPU
		{C2F76635-EE90-409B-A5B2-34C62F53B012}.Release|Any CPU.Build.0 = Release|Any CPU
	EndGlobalSection
	GlobalSection(SolutionProperties) = preSolution
		HideSolutionNode = FALSE
	EndGlobalSection
	GlobalSection(ExtensibilityGlobals) = postSolution
		SolutionGuid = {92509FA9-86AB-434B-A36E-999E8E6D5839}
	EndGlobalSection
EndGlobal
